
Microsoft Visual Studio Solution File, Format Version 12.00
Project("{FAE04EC0-301F-11D3-BF4B-00C04F79EFBC}") = "Locadora.Aluguel", "Locadora.Aluguel\Locadora.Aluguel.csproj", "{4CC56010-83FB-47B8-BBEF-D44354265FFD}"
EndProject
Global
	GlobalSection(SolutionConfigurationPlatforms) = preSolution
		Debug|Any CPU = Debug|Any CPU
		Release|Any CPU = Release|Any CPU
	EndGlobalSection
	GlobalSection(ProjectConfigurationPlatforms) = postSolution
		{4CC56010-83FB-47B8-BBEF-D44354265FFD}.Debug|Any CPU.ActiveCfg = Debug|Any CPU
		{4CC56010-83FB-47B8-BBEF-D44354265FFD}.Debug|Any CPU.Build.0 = Debug|Any CPU
		{4CC56010-83FB-47B8-BBEF-D44354265FFD}.Release|Any CPU.ActiveCfg = Release|Any CPU
		{4CC56010-83FB-47B8-BBEF-D44354265FFD}.Release|Any CPU.Build.0 = Release|Any CPU
	EndGlobalSection
EndGlobal
